// !$*UTF8*$!
{
	archiveVersion = 1;
	classes = {
	};
	objectVersion = 51;
	objects = {

/* Begin PBXBuildFile section */
		CB0355BE270DD4F800564675 /* MyGear.storyboard in Resources */ = {isa = PBXBuildFile; fileRef = CB0355BD270DD4F800564675 /* MyGear.storyboard */; };
		CB19B4CF26B940F700473DF4 /* MainTabBarController.swift in Sources */ = {isa = PBXBuildFile; fileRef = CB19B4CE26B940F700473DF4 /* MainTabBarController.swift */; };
		CB3347A826DD16C200DE0126 /* GearDetailImageCollectionViewCell.swift in Sources */ = {isa = PBXBuildFile; fileRef = CB3347A726DD16C200DE0126 /* GearDetailImageCollectionViewCell.swift */; };
		CB3C9F1926D79F5B00404D05 /* MyGearModel.swift in Sources */ = {isa = PBXBuildFile; fileRef = CB3C9F1826D79F5B00404D05 /* MyGearModel.swift */; };
		CB491B9726FC31ED00D2481F /* GearTextListCustomView.swift in Sources */ = {isa = PBXBuildFile; fileRef = CB491B9626FC31ED00D2481F /* GearTextListCustomView.swift */; };
		CB491B9926FC3A8100D2481F /* GearTextListCustomView.xib in Resources */ = {isa = PBXBuildFile; fileRef = CB491B9826FC3A8100D2481F /* GearTextListCustomView.xib */; };
		CB4F6777279D4B0E0098C79D /* ViewGear.swift in Sources */ = {isa = PBXBuildFile; fileRef = CB4F6776279D4B0E0098C79D /* ViewGear.swift */; };
		CB534DF726C2664A0022EA20 /* MyGearCollectionViewCell.swift in Sources */ = {isa = PBXBuildFile; fileRef = CB534DF626C2664A0022EA20 /* MyGearCollectionViewCell.swift */; };
		CB58A79826E5F136006C80EA /* GearDetailViewController.swift in Sources */ = {isa = PBXBuildFile; fileRef = CB58A79726E5F136006C80EA /* GearDetailViewController.swift */; };
		CB6037BB26B2728E0023042F /* AppDelegate.swift in Sources */ = {isa = PBXBuildFile; fileRef = CB6037BA26B2728E0023042F /* AppDelegate.swift */; };
		CB6037BD26B2728E0023042F /* SceneDelegate.swift in Sources */ = {isa = PBXBuildFile; fileRef = CB6037BC26B2728E0023042F /* SceneDelegate.swift */; };
		CB6037C226B2728F0023042F /* Main.storyboard in Resources */ = {isa = PBXBuildFile; fileRef = CB6037C026B2728E0023042F /* Main.storyboard */; };
		CB6037C426B2728F0023042F /* Assets.xcassets in Resources */ = {isa = PBXBuildFile; fileRef = CB6037C326B2728F0023042F /* Assets.xcassets */; };
		CB6037C726B2728F0023042F /* LaunchScreen.storyboard in Resources */ = {isa = PBXBuildFile; fileRef = CB6037C526B2728F0023042F /* LaunchScreen.storyboard */; };
		CB6037D126B289980023042F /* SignUpViewController.swift in Sources */ = {isa = PBXBuildFile; fileRef = CB6037D026B289980023042F /* SignUpViewController.swift */; };
		CB6037D326B28A530023042F /* Store.swift in Sources */ = {isa = PBXBuildFile; fileRef = CB6037D226B28A530023042F /* Store.swift */; };
		CB906520274276AD00DA84F3 /* MyGearCollectionViewCell.xib in Resources */ = {isa = PBXBuildFile; fileRef = CB90651F274276AC00DA84F3 /* MyGearCollectionViewCell.xib */; };
		CB90E3FD27185A3F00CD2B1C /* SearchUserViewController.swift in Sources */ = {isa = PBXBuildFile; fileRef = CB90E3FC27185A3F00CD2B1C /* SearchUserViewController.swift */; };
		CB90E3FF271860E900CD2B1C /* SearchUserModel.swift in Sources */ = {isa = PBXBuildFile; fileRef = CB90E3FE271860E900CD2B1C /* SearchUserModel.swift */; };
		CB93BE1826D3BEAF0018AB0D /* Constants.swift in Sources */ = {isa = PBXBuildFile; fileRef = CB93BE1726D3BEAF0018AB0D /* Constants.swift */; };
		CB9595CC27BA930E006AC55E /* SignInViewModel.swift in Sources */ = {isa = PBXBuildFile; fileRef = CB9595CB27BA930E006AC55E /* SignInViewModel.swift */; };
		CB9595D427BB5BA4006AC55E /* CampingProjectTests.swift in Sources */ = {isa = PBXBuildFile; fileRef = CB9595D327BB5BA4006AC55E /* CampingProjectTests.swift */; };
		CBA2326F26BA6B8300946DA0 /* SignInViewController.swift in Sources */ = {isa = PBXBuildFile; fileRef = CB19B4CC26B7CF0000473DF4 /* SignInViewController.swift */; };
		CBA2327326BE763200946DA0 /* MyGearViewController.swift in Sources */ = {isa = PBXBuildFile; fileRef = CBA2327226BE763200946DA0 /* MyGearViewController.swift */; };
		CBA8D2C527D88E48002D977E /* Extensions.swift in Sources */ = {isa = PBXBuildFile; fileRef = CBA8D2C427D88E48002D977E /* Extensions.swift */; };
		CBA8D2C727D8AC01002D977E /* DisregisterViewModel.swift in Sources */ = {isa = PBXBuildFile; fileRef = CBA8D2C627D8AC01002D977E /* DisregisterViewModel.swift */; };
		CBA8D2C927D9CC87002D977E /* ResetPWViewController.swift in Sources */ = {isa = PBXBuildFile; fileRef = CBA8D2C827D9CC87002D977E /* ResetPWViewController.swift */; };
		CBA8D2CB27D9D6F4002D977E /* ResetPWEmailViewController.swift in Sources */ = {isa = PBXBuildFile; fileRef = CBA8D2CA27D9D6F4002D977E /* ResetPWEmailViewController.swift */; };
		CBAA3ACC2786D74100E75B51 /* MyGearViewModel.swift in Sources */ = {isa = PBXBuildFile; fileRef = CBAA3ACB2786D74100E75B51 /* MyGearViewModel.swift */; };
		CBAA3ACE2787DFB100E75B51 /* SearchUserNC.swift in Sources */ = {isa = PBXBuildFile; fileRef = CBAA3ACD2787DFB100E75B51 /* SearchUserNC.swift */; };
		CBAA3AD02787EC0300E75B51 /* ProfileNC.swift in Sources */ = {isa = PBXBuildFile; fileRef = CBAA3ACF2787EC0300E75B51 /* ProfileNC.swift */; };
		CBAA3AD22787EC0D00E75B51 /* MyGearNC.swift in Sources */ = {isa = PBXBuildFile; fileRef = CBAA3AD12787EC0D00E75B51 /* MyGearNC.swift */; };
		CBAA3ADA27914F7400E75B51 /* SearchUserDetailViewModel.swift in Sources */ = {isa = PBXBuildFile; fileRef = CBAA3AD927914F7400E75B51 /* SearchUserDetailViewModel.swift */; };
		CBAB103326C5510A0058F440 /* GearAddViewController.swift in Sources */ = {isa = PBXBuildFile; fileRef = CBAB103226C5510A0058F440 /* GearAddViewController.swift */; };
		CBAB103826C666FA0058F440 /* GearTypeModel.swift in Sources */ = {isa = PBXBuildFile; fileRef = CBAB103726C666FA0058F440 /* GearTypeModel.swift */; };
		CBADAE6226CB7D60006DC556 /* GearImageCollectionViewCell.swift in Sources */ = {isa = PBXBuildFile; fileRef = CBADAE6126CB7D60006DC556 /* GearImageCollectionViewCell.swift */; };
		CBAF1062277AD79F007DF1FC /* ProfileViewModel.swift in Sources */ = {isa = PBXBuildFile; fileRef = CBAF1061277AD79F007DF1FC /* ProfileViewModel.swift */; };
		CBB049BE27BF7D9C0059D452 /* SearchTableViewCell.swift in Sources */ = {isa = PBXBuildFile; fileRef = CBB049BD27BF7D9C0059D452 /* SearchTableViewCell.swift */; };
		CBB3216D27AE4FE3005D2A3C /* GearDetailViewModel.swift in Sources */ = {isa = PBXBuildFile; fileRef = CBB3216C27AE4FE3005D2A3C /* GearDetailViewModel.swift */; };
		CBB519FA26FF7187005F8B00 /* ImagePickerManager.swift in Sources */ = {isa = PBXBuildFile; fileRef = CBB519F926FF7187005F8B00 /* ImagePickerManager.swift */; };
		CBB51A002700BBA9005F8B00 /* GearEditViewController.swift in Sources */ = {isa = PBXBuildFile; fileRef = CBB519FF2700BBA9005F8B00 /* GearEditViewController.swift */; };
		CBB51A022700C74A005F8B00 /* GearImageCollectionViewCell.xib in Resources */ = {isa = PBXBuildFile; fileRef = CBB51A012700C74A005F8B00 /* GearImageCollectionViewCell.xib */; };
		CBB51A042702F61E005F8B00 /* ProfileViewController.swift in Sources */ = {isa = PBXBuildFile; fileRef = CBB51A032702F61E005F8B00 /* ProfileViewController.swift */; };
		CBB7EA9527A12D12002CC1B1 /* EmailCertificationViewController.swift in Sources */ = {isa = PBXBuildFile; fileRef = CBB7EA9427A12D12002CC1B1 /* EmailCertificationViewController.swift */; };
		CBB7EA9727A26669002CC1B1 /* PaswordViewController.swift in Sources */ = {isa = PBXBuildFile; fileRef = CBB7EA9627A26669002CC1B1 /* PaswordViewController.swift */; };
		CBB99AFE27AB85FB00166526 /* SignUpViewModel.swift in Sources */ = {isa = PBXBuildFile; fileRef = CBB99AFD27AB85FB00166526 /* SignUpViewModel.swift */; };
		CBBB2A9D26F238BF006B2E3C /* CategoryCollectionViewController.swift in Sources */ = {isa = PBXBuildFile; fileRef = CBBB2A9C26F238BF006B2E3C /* CategoryCollectionViewController.swift */; };
		CBD44FB1276D971500D1B3EA /* SearchUserDetailViewController.swift in Sources */ = {isa = PBXBuildFile; fileRef = CBD44FB0276D971500D1B3EA /* SearchUserDetailViewController.swift */; };
		CBD5F5D426E9DD2F00E09B0D /* APIManager.swift in Sources */ = {isa = PBXBuildFile; fileRef = CBD5F5D326E9DD2F00E09B0D /* APIManager.swift */; };
		CBD5F5DC26F0C67700E09B0D /* CategoryCollectionViewCell.swift in Sources */ = {isa = PBXBuildFile; fileRef = CBD5F5DB26F0C67700E09B0D /* CategoryCollectionViewCell.swift */; };
		CBDC478D272823B100537E5A /* EmptySearchResultCell.swift in Sources */ = {isa = PBXBuildFile; fileRef = CBDC478C272823B100537E5A /* EmptySearchResultCell.swift */; };
		CBDC478F2729467900537E5A /* FollowerViewController.swift in Sources */ = {isa = PBXBuildFile; fileRef = CBDC478E2729467900537E5A /* FollowerViewController.swift */; };
		CBDC479527301A7000537E5A /* SearchTableViewCell.xib in Resources */ = {isa = PBXBuildFile; fileRef = CBDC479427301A7000537E5A /* SearchTableViewCell.xib */; };
		CBDC479727302B8000537E5A /* EmptySearchResultCell.xib in Resources */ = {isa = PBXBuildFile; fileRef = CBDC479627302B8000537E5A /* EmptySearchResultCell.xib */; };
		CBDC479927302B9100537E5A /* LoadingCell.swift in Sources */ = {isa = PBXBuildFile; fileRef = CBDC479827302B9100537E5A /* LoadingCell.swift */; };
		CBDC479B27302B9C00537E5A /* LoadingCell.xib in Resources */ = {isa = PBXBuildFile; fileRef = CBDC479A27302B9C00537E5A /* LoadingCell.xib */; };
		CBDC479D2732C97700537E5A /* SearchResultViewModel.swift in Sources */ = {isa = PBXBuildFile; fileRef = CBDC479C2732C97700537E5A /* SearchResultViewModel.swift */; };
		CBDC479F2732C9C900537E5A /* CellProtocol.swift in Sources */ = {isa = PBXBuildFile; fileRef = CBDC479E2732C9C900537E5A /* CellProtocol.swift */; };
		CBDC47A12734187700537E5A /* FriendModel.swift in Sources */ = {isa = PBXBuildFile; fileRef = CBDC47A02734187700537E5A /* FriendModel.swift */; };
		CBDF37C827CF5FAA00C8BA13 /* FollowingViewModel.swift in Sources */ = {isa = PBXBuildFile; fileRef = CBDF37C727CF5FAA00C8BA13 /* FollowingViewModel.swift */; };
		CBDF37D127D091FE00C8BA13 /* HalfModalPresentationController.swift in Sources */ = {isa = PBXBuildFile; fileRef = CBDF37D027D091FE00C8BA13 /* HalfModalPresentationController.swift */; };
		CBDF37D327D0AD7400C8BA13 /* PreferencesViewController.swift in Sources */ = {isa = PBXBuildFile; fileRef = CBDF37D227D0AD7400C8BA13 /* PreferencesViewController.swift */; };
		CBDF37D927D0B80C00C8BA13 /* PreferencesTableViewCell.xib in Resources */ = {isa = PBXBuildFile; fileRef = CBDF37D827D0B80C00C8BA13 /* PreferencesTableViewCell.xib */; };
		CBDF37DB27D0B81800C8BA13 /* PreferencesTableViewCell.swift in Sources */ = {isa = PBXBuildFile; fileRef = CBDF37DA27D0B81800C8BA13 /* PreferencesTableViewCell.swift */; };
		CBDF37DD27D0BC9E00C8BA13 /* ChangePasswordViewController.swift in Sources */ = {isa = PBXBuildFile; fileRef = CBDF37DC27D0BC9E00C8BA13 /* ChangePasswordViewController.swift */; };
		CBDF37DF27D0BD7800C8BA13 /* DisregisterViewController.swift in Sources */ = {isa = PBXBuildFile; fileRef = CBDF37DE27D0BD7800C8BA13 /* DisregisterViewController.swift */; };
		CBF37200270C6FCF0028533C /* UserModel.swift in Sources */ = {isa = PBXBuildFile; fileRef = CBF371FF270C6FCF0028533C /* UserModel.swift */; };
		CBF791F427366EDC0089EE48 /* FollowerViewModel.swift in Sources */ = {isa = PBXBuildFile; fileRef = CBF791F327366EDC0089EE48 /* FollowerViewModel.swift */; };
		CBF791F62737B0300089EE48 /* FollowingViewController.swift in Sources */ = {isa = PBXBuildFile; fileRef = CBF791F52737B0300089EE48 /* FollowingViewController.swift */; };
		CBFCD5B62715695F00EF80CE /* ProfileEditViewController.swift in Sources */ = {isa = PBXBuildFile; fileRef = CBFCD5B52715695F00EF80CE /* ProfileEditViewController.swift */; };
		F9DF84DB14C8711B6D744C67 /* Pods_CampingProject.framework in Frameworks */ = {isa = PBXBuildFile; fileRef = DFD96AD126B1D1782CFDB3A4 /* Pods_CampingProject.framework */; };
/* End PBXBuildFile section */

/* Begin PBXContainerItemProxy section */
		CB9595D527BB5BA4006AC55E /* PBXContainerItemProxy */ = {
			isa = PBXContainerItemProxy;
			containerPortal = CB6037AF26B2728E0023042F /* Project object */;
			proxyType = 1;
			remoteGlobalIDString = CB6037B626B2728E0023042F;
			remoteInfo = CampingProject;
		};
/* End PBXContainerItemProxy section */

/* Begin PBXFileReference section */
		41765E29EA73FAA1FE98B10C /* Pods-CampingProject.debug.xcconfig */ = {isa = PBXFileReference; includeInIndex = 1; lastKnownFileType = text.xcconfig; name = "Pods-CampingProject.debug.xcconfig"; path = "Target Support Files/Pods-CampingProject/Pods-CampingProject.debug.xcconfig"; sourceTree = "<group>"; };
		CB0355BD270DD4F800564675 /* MyGear.storyboard */ = {isa = PBXFileReference; fileEncoding = 4; lastKnownFileType = file.storyboard; path = MyGear.storyboard; sourceTree = "<group>"; };
		CB19B4CC26B7CF0000473DF4 /* SignInViewController.swift */ = {isa = PBXFileReference; lastKnownFileType = sourcecode.swift; path = SignInViewController.swift; sourceTree = "<group>"; };
		CB19B4CE26B940F700473DF4 /* MainTabBarController.swift */ = {isa = PBXFileReference; lastKnownFileType = sourcecode.swift; path = MainTabBarController.swift; sourceTree = "<group>"; };
		CB3347A726DD16C200DE0126 /* GearDetailImageCollectionViewCell.swift */ = {isa = PBXFileReference; lastKnownFileType = sourcecode.swift; path = GearDetailImageCollectionViewCell.swift; sourceTree = "<group>"; };
		CB3C9F1826D79F5B00404D05 /* MyGearModel.swift */ = {isa = PBXFileReference; lastKnownFileType = sourcecode.swift; path = MyGearModel.swift; sourceTree = "<group>"; };
		CB491B9626FC31ED00D2481F /* GearTextListCustomView.swift */ = {isa = PBXFileReference; lastKnownFileType = sourcecode.swift; path = GearTextListCustomView.swift; sourceTree = "<group>"; };
		CB491B9826FC3A8100D2481F /* GearTextListCustomView.xib */ = {isa = PBXFileReference; lastKnownFileType = file.xib; path = GearTextListCustomView.xib; sourceTree = "<group>"; };
		CB4F6776279D4B0E0098C79D /* ViewGear.swift */ = {isa = PBXFileReference; lastKnownFileType = sourcecode.swift; path = ViewGear.swift; sourceTree = "<group>"; };
		CB534DF626C2664A0022EA20 /* MyGearCollectionViewCell.swift */ = {isa = PBXFileReference; lastKnownFileType = sourcecode.swift; path = MyGearCollectionViewCell.swift; sourceTree = "<group>"; };
		CB58A79726E5F136006C80EA /* GearDetailViewController.swift */ = {isa = PBXFileReference; lastKnownFileType = sourcecode.swift; path = GearDetailViewController.swift; sourceTree = "<group>"; };
		CB6037B726B2728E0023042F /* CampingProject.app */ = {isa = PBXFileReference; explicitFileType = wrapper.application; includeInIndex = 0; path = CampingProject.app; sourceTree = BUILT_PRODUCTS_DIR; };
		CB6037BA26B2728E0023042F /* AppDelegate.swift */ = {isa = PBXFileReference; lastKnownFileType = sourcecode.swift; path = AppDelegate.swift; sourceTree = "<group>"; };
		CB6037BC26B2728E0023042F /* SceneDelegate.swift */ = {isa = PBXFileReference; lastKnownFileType = sourcecode.swift; path = SceneDelegate.swift; sourceTree = "<group>"; };
		CB6037C126B2728E0023042F /* Base */ = {isa = PBXFileReference; lastKnownFileType = file.storyboard; name = Base; path = Base.lproj/Main.storyboard; sourceTree = "<group>"; };
		CB6037C326B2728F0023042F /* Assets.xcassets */ = {isa = PBXFileReference; lastKnownFileType = folder.assetcatalog; path = Assets.xcassets; sourceTree = "<group>"; };
		CB6037C626B2728F0023042F /* Base */ = {isa = PBXFileReference; lastKnownFileType = file.storyboard; name = Base; path = Base.lproj/LaunchScreen.storyboard; sourceTree = "<group>"; };
		CB6037C826B2728F0023042F /* Info.plist */ = {isa = PBXFileReference; lastKnownFileType = text.plist.xml; path = Info.plist; sourceTree = "<group>"; };
		CB6037D026B289980023042F /* SignUpViewController.swift */ = {isa = PBXFileReference; lastKnownFileType = sourcecode.swift; path = SignUpViewController.swift; sourceTree = "<group>"; };
		CB6037D226B28A530023042F /* Store.swift */ = {isa = PBXFileReference; lastKnownFileType = sourcecode.swift; path = Store.swift; sourceTree = "<group>"; };
		CB6507C82768BB670002257E /* CampingProject.entitlements */ = {isa = PBXFileReference; lastKnownFileType = text.plist.entitlements; path = CampingProject.entitlements; sourceTree = "<group>"; };
		CB90651F274276AC00DA84F3 /* MyGearCollectionViewCell.xib */ = {isa = PBXFileReference; lastKnownFileType = file.xib; path = MyGearCollectionViewCell.xib; sourceTree = "<group>"; };
		CB90E3FC27185A3F00CD2B1C /* SearchUserViewController.swift */ = {isa = PBXFileReference; lastKnownFileType = sourcecode.swift; path = SearchUserViewController.swift; sourceTree = "<group>"; };
		CB90E3FE271860E900CD2B1C /* SearchUserModel.swift */ = {isa = PBXFileReference; lastKnownFileType = sourcecode.swift; path = SearchUserModel.swift; sourceTree = "<group>"; };
		CB93BE1726D3BEAF0018AB0D /* Constants.swift */ = {isa = PBXFileReference; lastKnownFileType = sourcecode.swift; path = Constants.swift; sourceTree = "<group>"; };
		CB9595CB27BA930E006AC55E /* SignInViewModel.swift */ = {isa = PBXFileReference; lastKnownFileType = sourcecode.swift; path = SignInViewModel.swift; sourceTree = "<group>"; };
		CB9595D127BB5BA4006AC55E /* CampingProjectTests.xctest */ = {isa = PBXFileReference; explicitFileType = wrapper.cfbundle; includeInIndex = 0; path = CampingProjectTests.xctest; sourceTree = BUILT_PRODUCTS_DIR; };
		CB9595D327BB5BA4006AC55E /* CampingProjectTests.swift */ = {isa = PBXFileReference; lastKnownFileType = sourcecode.swift; path = CampingProjectTests.swift; sourceTree = "<group>"; };
		CBA2327226BE763200946DA0 /* MyGearViewController.swift */ = {isa = PBXFileReference; lastKnownFileType = sourcecode.swift; path = MyGearViewController.swift; sourceTree = "<group>"; };
		CBA8D2C427D88E48002D977E /* Extensions.swift */ = {isa = PBXFileReference; lastKnownFileType = sourcecode.swift; path = Extensions.swift; sourceTree = "<group>"; };
		CBA8D2C627D8AC01002D977E /* DisregisterViewModel.swift */ = {isa = PBXFileReference; lastKnownFileType = sourcecode.swift; path = DisregisterViewModel.swift; sourceTree = "<group>"; };
		CBA8D2C827D9CC87002D977E /* ResetPWViewController.swift */ = {isa = PBXFileReference; lastKnownFileType = sourcecode.swift; path = ResetPWViewController.swift; sourceTree = "<group>"; };
		CBA8D2CA27D9D6F4002D977E /* ResetPWEmailViewController.swift */ = {isa = PBXFileReference; lastKnownFileType = sourcecode.swift; path = ResetPWEmailViewController.swift; sourceTree = "<group>"; };
		CBAA3ACB2786D74100E75B51 /* MyGearViewModel.swift */ = {isa = PBXFileReference; lastKnownFileType = sourcecode.swift; path = MyGearViewModel.swift; sourceTree = "<group>"; };
		CBAA3ACD2787DFB100E75B51 /* SearchUserNC.swift */ = {isa = PBXFileReference; lastKnownFileType = sourcecode.swift; path = SearchUserNC.swift; sourceTree = "<group>"; };
		CBAA3ACF2787EC0300E75B51 /* ProfileNC.swift */ = {isa = PBXFileReference; lastKnownFileType = sourcecode.swift; path = ProfileNC.swift; sourceTree = "<group>"; };
		CBAA3AD12787EC0D00E75B51 /* MyGearNC.swift */ = {isa = PBXFileReference; lastKnownFileType = sourcecode.swift; path = MyGearNC.swift; sourceTree = "<group>"; };
		CBAA3AD927914F7400E75B51 /* SearchUserDetailViewModel.swift */ = {isa = PBXFileReference; lastKnownFileType = sourcecode.swift; path = SearchUserDetailViewModel.swift; sourceTree = "<group>"; };
		CBAB103226C5510A0058F440 /* GearAddViewController.swift */ = {isa = PBXFileReference; lastKnownFileType = sourcecode.swift; path = GearAddViewController.swift; sourceTree = "<group>"; };
		CBAB103726C666FA0058F440 /* GearTypeModel.swift */ = {isa = PBXFileReference; lastKnownFileType = sourcecode.swift; path = GearTypeModel.swift; sourceTree = "<group>"; };
		CBADAE6126CB7D60006DC556 /* GearImageCollectionViewCell.swift */ = {isa = PBXFileReference; lastKnownFileType = sourcecode.swift; path = GearImageCollectionViewCell.swift; sourceTree = "<group>"; };
		CBAF1061277AD79F007DF1FC /* ProfileViewModel.swift */ = {isa = PBXFileReference; lastKnownFileType = sourcecode.swift; path = ProfileViewModel.swift; sourceTree = "<group>"; };
		CBB049BD27BF7D9C0059D452 /* SearchTableViewCell.swift */ = {isa = PBXFileReference; lastKnownFileType = sourcecode.swift; path = SearchTableViewCell.swift; sourceTree = "<group>"; };
		CBB3216C27AE4FE3005D2A3C /* GearDetailViewModel.swift */ = {isa = PBXFileReference; lastKnownFileType = sourcecode.swift; path = GearDetailViewModel.swift; sourceTree = "<group>"; };
		CBB519F926FF7187005F8B00 /* ImagePickerManager.swift */ = {isa = PBXFileReference; lastKnownFileType = sourcecode.swift; path = ImagePickerManager.swift; sourceTree = "<group>"; };
		CBB519FF2700BBA9005F8B00 /* GearEditViewController.swift */ = {isa = PBXFileReference; lastKnownFileType = sourcecode.swift; path = GearEditViewController.swift; sourceTree = "<group>"; };
		CBB51A012700C74A005F8B00 /* GearImageCollectionViewCell.xib */ = {isa = PBXFileReference; lastKnownFileType = file.xib; path = GearImageCollectionViewCell.xib; sourceTree = "<group>"; };
		CBB51A032702F61E005F8B00 /* ProfileViewController.swift */ = {isa = PBXFileReference; lastKnownFileType = sourcecode.swift; path = ProfileViewController.swift; sourceTree = "<group>"; };
		CBB7EA9427A12D12002CC1B1 /* EmailCertificationViewController.swift */ = {isa = PBXFileReference; lastKnownFileType = sourcecode.swift; path = EmailCertificationViewController.swift; sourceTree = "<group>"; };
		CBB7EA9627A26669002CC1B1 /* PaswordViewController.swift */ = {isa = PBXFileReference; lastKnownFileType = sourcecode.swift; path = PaswordViewController.swift; sourceTree = "<group>"; };
		CBB99AFD27AB85FB00166526 /* SignUpViewModel.swift */ = {isa = PBXFileReference; lastKnownFileType = sourcecode.swift; path = SignUpViewModel.swift; sourceTree = "<group>"; };
		CBBB2A9C26F238BF006B2E3C /* CategoryCollectionViewController.swift */ = {isa = PBXFileReference; lastKnownFileType = sourcecode.swift; path = CategoryCollectionViewController.swift; sourceTree = "<group>"; };
		CBD44FB0276D971500D1B3EA /* SearchUserDetailViewController.swift */ = {isa = PBXFileReference; lastKnownFileType = sourcecode.swift; path = SearchUserDetailViewController.swift; sourceTree = "<group>"; };
		CBD5F5D326E9DD2F00E09B0D /* APIManager.swift */ = {isa = PBXFileReference; lastKnownFileType = sourcecode.swift; path = APIManager.swift; sourceTree = "<group>"; };
		CBD5F5DB26F0C67700E09B0D /* CategoryCollectionViewCell.swift */ = {isa = PBXFileReference; lastKnownFileType = sourcecode.swift; path = CategoryCollectionViewCell.swift; sourceTree = "<group>"; };
		CBDC478C272823B100537E5A /* EmptySearchResultCell.swift */ = {isa = PBXFileReference; lastKnownFileType = sourcecode.swift; path = EmptySearchResultCell.swift; sourceTree = "<group>"; };
		CBDC478E2729467900537E5A /* FollowerViewController.swift */ = {isa = PBXFileReference; lastKnownFileType = sourcecode.swift; path = FollowerViewController.swift; sourceTree = "<group>"; };
		CBDC479427301A7000537E5A /* SearchTableViewCell.xib */ = {isa = PBXFileReference; lastKnownFileType = file.xib; path = SearchTableViewCell.xib; sourceTree = "<group>"; };
		CBDC479627302B8000537E5A /* EmptySearchResultCell.xib */ = {isa = PBXFileReference; lastKnownFileType = file.xib; path = EmptySearchResultCell.xib; sourceTree = "<group>"; };
		CBDC479827302B9100537E5A /* LoadingCell.swift */ = {isa = PBXFileReference; lastKnownFileType = sourcecode.swift; path = LoadingCell.swift; sourceTree = "<group>"; };
		CBDC479A27302B9C00537E5A /* LoadingCell.xib */ = {isa = PBXFileReference; lastKnownFileType = file.xib; path = LoadingCell.xib; sourceTree = "<group>"; };
		CBDC479C2732C97700537E5A /* SearchResultViewModel.swift */ = {isa = PBXFileReference; lastKnownFileType = sourcecode.swift; path = SearchResultViewModel.swift; sourceTree = "<group>"; };
		CBDC479E2732C9C900537E5A /* CellProtocol.swift */ = {isa = PBXFileReference; lastKnownFileType = sourcecode.swift; path = CellProtocol.swift; sourceTree = "<group>"; };
		CBDC47A02734187700537E5A /* FriendModel.swift */ = {isa = PBXFileReference; lastKnownFileType = sourcecode.swift; path = FriendModel.swift; sourceTree = "<group>"; };
		CBDF37C727CF5FAA00C8BA13 /* FollowingViewModel.swift */ = {isa = PBXFileReference; lastKnownFileType = sourcecode.swift; path = FollowingViewModel.swift; sourceTree = "<group>"; };
		CBDF37D027D091FE00C8BA13 /* HalfModalPresentationController.swift */ = {isa = PBXFileReference; lastKnownFileType = sourcecode.swift; path = HalfModalPresentationController.swift; sourceTree = "<group>"; };
		CBDF37D227D0AD7400C8BA13 /* PreferencesViewController.swift */ = {isa = PBXFileReference; lastKnownFileType = sourcecode.swift; path = PreferencesViewController.swift; sourceTree = "<group>"; };
		CBDF37D827D0B80C00C8BA13 /* PreferencesTableViewCell.xib */ = {isa = PBXFileReference; lastKnownFileType = file.xib; path = PreferencesTableViewCell.xib; sourceTree = "<group>"; };
		CBDF37DA27D0B81800C8BA13 /* PreferencesTableViewCell.swift */ = {isa = PBXFileReference; lastKnownFileType = sourcecode.swift; path = PreferencesTableViewCell.swift; sourceTree = "<group>"; };
		CBDF37DC27D0BC9E00C8BA13 /* ChangePasswordViewController.swift */ = {isa = PBXFileReference; lastKnownFileType = sourcecode.swift; path = ChangePasswordViewController.swift; sourceTree = "<group>"; };
		CBDF37DE27D0BD7800C8BA13 /* DisregisterViewController.swift */ = {isa = PBXFileReference; lastKnownFileType = sourcecode.swift; path = DisregisterViewController.swift; sourceTree = "<group>"; };
		CBF371FF270C6FCF0028533C /* UserModel.swift */ = {isa = PBXFileReference; lastKnownFileType = sourcecode.swift; path = UserModel.swift; sourceTree = "<group>"; };
		CBF791F327366EDC0089EE48 /* FollowerViewModel.swift */ = {isa = PBXFileReference; lastKnownFileType = sourcecode.swift; path = FollowerViewModel.swift; sourceTree = "<group>"; };
		CBF791F52737B0300089EE48 /* FollowingViewController.swift */ = {isa = PBXFileReference; lastKnownFileType = sourcecode.swift; path = FollowingViewController.swift; sourceTree = "<group>"; };
		CBFCD5B52715695F00EF80CE /* ProfileEditViewController.swift */ = {isa = PBXFileReference; lastKnownFileType = sourcecode.swift; path = ProfileEditViewController.swift; sourceTree = "<group>"; };
		D67CE54C131ABBCF98AD7B2B /* Pods-CampingProject.release.xcconfig */ = {isa = PBXFileReference; includeInIndex = 1; lastKnownFileType = text.xcconfig; name = "Pods-CampingProject.release.xcconfig"; path = "Target Support Files/Pods-CampingProject/Pods-CampingProject.release.xcconfig"; sourceTree = "<group>"; };
		DFD96AD126B1D1782CFDB3A4 /* Pods_CampingProject.framework */ = {isa = PBXFileReference; explicitFileType = wrapper.framework; includeInIndex = 0; path = Pods_CampingProject.framework; sourceTree = BUILT_PRODUCTS_DIR; };
/* End PBXFileReference section */

/* Begin PBXFrameworksBuildPhase section */
		CB6037B426B2728E0023042F /* Frameworks */ = {
			isa = PBXFrameworksBuildPhase;
			buildActionMask = 2147483647;
			files = (
				F9DF84DB14C8711B6D744C67 /* Pods_CampingProject.framework in Frameworks */,
			);
			runOnlyForDeploymentPostprocessing = 0;
		};
		CB9595CE27BB5BA4006AC55E /* Frameworks */ = {
			isa = PBXFrameworksBuildPhase;
			buildActionMask = 2147483647;
			files = (
			);
			runOnlyForDeploymentPostprocessing = 0;
		};
/* End PBXFrameworksBuildPhase section */

/* Begin PBXGroup section */
		2EBE6B2F1D683B1C9DC05A88 /* Frameworks */ = {
			isa = PBXGroup;
			children = (
				DFD96AD126B1D1782CFDB3A4 /* Pods_CampingProject.framework */,
			);
			name = Frameworks;
			sourceTree = "<group>";
		};
		8ED9FF38710E1A9D62A303CC /* Pods */ = {
			isa = PBXGroup;
			children = (
				41765E29EA73FAA1FE98B10C /* Pods-CampingProject.debug.xcconfig */,
				D67CE54C131ABBCF98AD7B2B /* Pods-CampingProject.release.xcconfig */,
			);
			path = Pods;
			sourceTree = "<group>";
		};
		CB3C9F1726D79E7000404D05 /* Models */ = {
			isa = PBXGroup;
			children = (
				CBAB103726C666FA0058F440 /* GearTypeModel.swift */,
				CB3C9F1826D79F5B00404D05 /* MyGearModel.swift */,
				CBF371FF270C6FCF0028533C /* UserModel.swift */,
				CB90E3FE271860E900CD2B1C /* SearchUserModel.swift */,
				CBDC47A02734187700537E5A /* FriendModel.swift */,
				CB4F6776279D4B0E0098C79D /* ViewGear.swift */,
			);
			path = Models;
			sourceTree = "<group>";
		};
		CB6037AE26B2728E0023042F = {
			isa = PBXGroup;
			children = (
				CB6037B926B2728E0023042F /* CampingProject */,
				CB9595D227BB5BA4006AC55E /* CampingProjectTests */,
				CB6037B826B2728E0023042F /* Products */,
				8ED9FF38710E1A9D62A303CC /* Pods */,
				2EBE6B2F1D683B1C9DC05A88 /* Frameworks */,
			);
			sourceTree = "<group>";
		};
		CB6037B826B2728E0023042F /* Products */ = {
			isa = PBXGroup;
			children = (
				CB6037B726B2728E0023042F /* CampingProject.app */,
				CB9595D127BB5BA4006AC55E /* CampingProjectTests.xctest */,
			);
			name = Products;
			sourceTree = "<group>";
		};
		CB6037B926B2728E0023042F /* CampingProject */ = {
			isa = PBXGroup;
			children = (
				CB6507C82768BB670002257E /* CampingProject.entitlements */,
				CB6037BA26B2728E0023042F /* AppDelegate.swift */,
				CB6037BC26B2728E0023042F /* SceneDelegate.swift */,
				CB6037C326B2728F0023042F /* Assets.xcassets */,
				CB6037C826B2728F0023042F /* Info.plist */,
				CBB3217127AE5D8A005D2A3C /* Domain */,
				CBB3217027AE5D72005D2A3C /* Repository */,
				CBD5F5D226E9D54600E09B0D /* Cells */,
				CBD5F5D126E9D50E00E09B0D /* Storyboards */,
				CB93BE1626D3BE970018AB0D /* Utils */,
				CB3C9F1726D79E7000404D05 /* Models */,
				CBD5F5D026E9D49A00E09B0D /* View Models */,
				CBAB103426C552380058F440 /* Controllers */,
			);
			path = CampingProject;
			sourceTree = "<group>";
		};
		CB93BE1626D3BE970018AB0D /* Utils */ = {
			isa = PBXGroup;
			children = (
				CB93BE1726D3BEAF0018AB0D /* Constants.swift */,
				CBDC479E2732C9C900537E5A /* CellProtocol.swift */,
				CBA8D2C427D88E48002D977E /* Extensions.swift */,
			);
			path = Utils;
			sourceTree = "<group>";
		};
		CB9595D227BB5BA4006AC55E /* CampingProjectTests */ = {
			isa = PBXGroup;
			children = (
				CB9595D327BB5BA4006AC55E /* CampingProjectTests.swift */,
			);
			path = CampingProjectTests;
			sourceTree = "<group>";
		};
		CBAB103426C552380058F440 /* Controllers */ = {
			isa = PBXGroup;
			children = (
				CB6037D026B289980023042F /* SignUpViewController.swift */,
				CBB7EA9427A12D12002CC1B1 /* EmailCertificationViewController.swift */,
				CBB7EA9627A26669002CC1B1 /* PaswordViewController.swift */,
				CB19B4CC26B7CF0000473DF4 /* SignInViewController.swift */,
				CBA8D2C827D9CC87002D977E /* ResetPWViewController.swift */,
				CBA8D2CA27D9D6F4002D977E /* ResetPWEmailViewController.swift */,
				CB19B4CE26B940F700473DF4 /* MainTabBarController.swift */,
				CBA2327226BE763200946DA0 /* MyGearViewController.swift */,
				CB58A79726E5F136006C80EA /* GearDetailViewController.swift */,
				CBAB103226C5510A0058F440 /* GearAddViewController.swift */,
				CBB519FF2700BBA9005F8B00 /* GearEditViewController.swift */,
				CBBB2A9C26F238BF006B2E3C /* CategoryCollectionViewController.swift */,
				CBB51A032702F61E005F8B00 /* ProfileViewController.swift */,
				CBFCD5B52715695F00EF80CE /* ProfileEditViewController.swift */,
				CB90E3FC27185A3F00CD2B1C /* SearchUserViewController.swift */,
				CBD44FB0276D971500D1B3EA /* SearchUserDetailViewController.swift */,
				CBDC478E2729467900537E5A /* FollowerViewController.swift */,
				CBF791F52737B0300089EE48 /* FollowingViewController.swift */,
				CBDF37D227D0AD7400C8BA13 /* PreferencesViewController.swift */,
				CBDF37DC27D0BC9E00C8BA13 /* ChangePasswordViewController.swift */,
				CBDF37DE27D0BD7800C8BA13 /* DisregisterViewController.swift */,
				CBDF37D027D091FE00C8BA13 /* HalfModalPresentationController.swift */,
				CBAA3ACD2787DFB100E75B51 /* SearchUserNC.swift */,
				CBAA3ACF2787EC0300E75B51 /* ProfileNC.swift */,
				CBAA3AD12787EC0D00E75B51 /* MyGearNC.swift */,
			);
			path = Controllers;
			sourceTree = "<group>";
		};
		CBB3217027AE5D72005D2A3C /* Repository */ = {
			isa = PBXGroup;
			children = (
				CBD5F5D326E9DD2F00E09B0D /* APIManager.swift */,
			);
			path = Repository;
			sourceTree = "<group>";
		};
		CBB3217127AE5D8A005D2A3C /* Domain */ = {
			isa = PBXGroup;
			children = (
				CB6037D226B28A530023042F /* Store.swift */,
			);
			path = Domain;
			sourceTree = "<group>";
		};
		CBD5F5D026E9D49A00E09B0D /* View Models */ = {
			isa = PBXGroup;
			children = (
				CB9595CB27BA930E006AC55E /* SignInViewModel.swift */,
				CBB99AFD27AB85FB00166526 /* SignUpViewModel.swift */,
				CBAA3ACB2786D74100E75B51 /* MyGearViewModel.swift */,
				CBDC479C2732C97700537E5A /* SearchResultViewModel.swift */,
				CBAA3AD927914F7400E75B51 /* SearchUserDetailViewModel.swift */,
				CBF791F327366EDC0089EE48 /* FollowerViewModel.swift */,
				CBDF37C727CF5FAA00C8BA13 /* FollowingViewModel.swift */,
				CBAF1061277AD79F007DF1FC /* ProfileViewModel.swift */,
				CBB3216C27AE4FE3005D2A3C /* GearDetailViewModel.swift */,
				CBB519F926FF7187005F8B00 /* ImagePickerManager.swift */,
				CBA8D2C627D8AC01002D977E /* DisregisterViewModel.swift */,
			);
			path = "View Models";
			sourceTree = "<group>";
		};
		CBD5F5D126E9D50E00E09B0D /* Storyboards */ = {
			isa = PBXGroup;
			children = (
				CB6037C026B2728E0023042F /* Main.storyboard */,
				CB0355BD270DD4F800564675 /* MyGear.storyboard */,
				CB6037C526B2728F0023042F /* LaunchScreen.storyboard */,
			);
			path = Storyboards;
			sourceTree = "<group>";
		};
		CBD5F5D226E9D54600E09B0D /* Cells */ = {
			isa = PBXGroup;
			children = (
				CBADAE6126CB7D60006DC556 /* GearImageCollectionViewCell.swift */,
				CBB51A012700C74A005F8B00 /* GearImageCollectionViewCell.xib */,
				CB3347A726DD16C200DE0126 /* GearDetailImageCollectionViewCell.swift */,
				CB534DF626C2664A0022EA20 /* MyGearCollectionViewCell.swift */,
				CB90651F274276AC00DA84F3 /* MyGearCollectionViewCell.xib */,
				CBD5F5DB26F0C67700E09B0D /* CategoryCollectionViewCell.swift */,
				CB491B9626FC31ED00D2481F /* GearTextListCustomView.swift */,
				CB491B9826FC3A8100D2481F /* GearTextListCustomView.xib */,
				CBB049BD27BF7D9C0059D452 /* SearchTableViewCell.swift */,
				CBDC479427301A7000537E5A /* SearchTableViewCell.xib */,
				CBDC478C272823B100537E5A /* EmptySearchResultCell.swift */,
				CBDC479627302B8000537E5A /* EmptySearchResultCell.xib */,
				CBDC479827302B9100537E5A /* LoadingCell.swift */,
				CBDC479A27302B9C00537E5A /* LoadingCell.xib */,
				CBDF37DA27D0B81800C8BA13 /* PreferencesTableViewCell.swift */,
				CBDF37D827D0B80C00C8BA13 /* PreferencesTableViewCell.xib */,
			);
			path = Cells;
			sourceTree = "<group>";
		};
/* End PBXGroup section */

/* Begin PBXNativeTarget section */
		CB6037B626B2728E0023042F /* CampingProject */ = {
			isa = PBXNativeTarget;
			buildConfigurationList = CB6037CB26B2728F0023042F /* Build configuration list for PBXNativeTarget "CampingProject" */;
			buildPhases = (
				81FFE62D8F3BCFA27331D1EF /* [CP] Check Pods Manifest.lock */,
				CB6037B326B2728E0023042F /* Sources */,
				CB6037B426B2728E0023042F /* Frameworks */,
				CB6037B526B2728E0023042F /* Resources */,
				CD70DC0432801B25410369A6 /* [CP] Embed Pods Frameworks */,
			);
			buildRules = (
			);
			dependencies = (
			);
			name = CampingProject;
			productName = CampingProject;
			productReference = CB6037B726B2728E0023042F /* CampingProject.app */;
			productType = "com.apple.product-type.application";
		};
		CB9595D027BB5BA4006AC55E /* CampingProjectTests */ = {
			isa = PBXNativeTarget;
			buildConfigurationList = CB9595D727BB5BA4006AC55E /* Build configuration list for PBXNativeTarget "CampingProjectTests" */;
			buildPhases = (
				CB9595CD27BB5BA4006AC55E /* Sources */,
				CB9595CE27BB5BA4006AC55E /* Frameworks */,
				CB9595CF27BB5BA4006AC55E /* Resources */,
			);
			buildRules = (
			);
			dependencies = (
				CB9595D627BB5BA4006AC55E /* PBXTargetDependency */,
			);
			name = CampingProjectTests;
			productName = CampingProjectTests;
			productReference = CB9595D127BB5BA4006AC55E /* CampingProjectTests.xctest */;
			productType = "com.apple.product-type.bundle.unit-test";
		};
/* End PBXNativeTarget section */

/* Begin PBXProject section */
		CB6037AF26B2728E0023042F /* Project object */ = {
			isa = PBXProject;
			attributes = {
				LastSwiftUpdateCheck = 1320;
				LastUpgradeCheck = 1250;
				TargetAttributes = {
					CB6037B626B2728E0023042F = {
						CreatedOnToolsVersion = 12.5.1;
					};
					CB9595D027BB5BA4006AC55E = {
						CreatedOnToolsVersion = 13.2.1;
						TestTargetID = CB6037B626B2728E0023042F;
					};
				};
			};
			buildConfigurationList = CB6037B226B2728E0023042F /* Build configuration list for PBXProject "CampingProject" */;
			compatibilityVersion = "Xcode 9.3";
			developmentRegion = en;
			hasScannedForEncodings = 0;
			knownRegions = (
				en,
				Base,
			);
			mainGroup = CB6037AE26B2728E0023042F;
			productRefGroup = CB6037B826B2728E0023042F /* Products */;
			projectDirPath = "";
			projectRoot = "";
			targets = (
				CB6037B626B2728E0023042F /* CampingProject */,
				CB9595D027BB5BA4006AC55E /* CampingProjectTests */,
			);
		};
/* End PBXProject section */

/* Begin PBXResourcesBuildPhase section */
		CB6037B526B2728E0023042F /* Resources */ = {
			isa = PBXResourcesBuildPhase;
			buildActionMask = 2147483647;
			files = (
				CBDC479527301A7000537E5A /* SearchTableViewCell.xib in Resources */,
				CB0355BE270DD4F800564675 /* MyGear.storyboard in Resources */,
				CBDC479B27302B9C00537E5A /* LoadingCell.xib in Resources */,
				CB906520274276AD00DA84F3 /* MyGearCollectionViewCell.xib in Resources */,
				CBB51A022700C74A005F8B00 /* GearImageCollectionViewCell.xib in Resources */,
				CB6037C726B2728F0023042F /* LaunchScreen.storyboard in Resources */,
				CB491B9926FC3A8100D2481F /* GearTextListCustomView.xib in Resources */,
				CB6037C426B2728F0023042F /* Assets.xcassets in Resources */,
				CBDC479727302B8000537E5A /* EmptySearchResultCell.xib in Resources */,
				CBDF37D927D0B80C00C8BA13 /* PreferencesTableViewCell.xib in Resources */,
				CB6037C226B2728F0023042F /* Main.storyboard in Resources */,
			);
			runOnlyForDeploymentPostprocessing = 0;
		};
		CB9595CF27BB5BA4006AC55E /* Resources */ = {
			isa = PBXResourcesBuildPhase;
			buildActionMask = 2147483647;
			files = (
			);
			runOnlyForDeploymentPostprocessing = 0;
		};
/* End PBXResourcesBuildPhase section */

/* Begin PBXShellScriptBuildPhase section */
		81FFE62D8F3BCFA27331D1EF /* [CP] Check Pods Manifest.lock */ = {
			isa = PBXShellScriptBuildPhase;
			buildActionMask = 2147483647;
			files = (
			);
			inputFileListPaths = (
			);
			inputPaths = (
				"${PODS_PODFILE_DIR_PATH}/Podfile.lock",
				"${PODS_ROOT}/Manifest.lock",
			);
			name = "[CP] Check Pods Manifest.lock";
			outputFileListPaths = (
			);
			outputPaths = (
				"$(DERIVED_FILE_DIR)/Pods-CampingProject-checkManifestLockResult.txt",
			);
			runOnlyForDeploymentPostprocessing = 0;
			shellPath = /bin/sh;
			shellScript = "diff \"${PODS_PODFILE_DIR_PATH}/Podfile.lock\" \"${PODS_ROOT}/Manifest.lock\" > /dev/null\nif [ $? != 0 ] ; then\n    # print error to STDERR\n    echo \"error: The sandbox is not in sync with the Podfile.lock. Run 'pod install' or update your CocoaPods installation.\" >&2\n    exit 1\nfi\n# This output is used by Xcode 'outputs' to avoid re-running this script phase.\necho \"SUCCESS\" > \"${SCRIPT_OUTPUT_FILE_0}\"\n";
			showEnvVarsInLog = 0;
		};
		CD70DC0432801B25410369A6 /* [CP] Embed Pods Frameworks */ = {
			isa = PBXShellScriptBuildPhase;
			buildActionMask = 2147483647;
			files = (
			);
			inputFileListPaths = (
				"${PODS_ROOT}/Target Support Files/Pods-CampingProject/Pods-CampingProject-frameworks-${CONFIGURATION}-input-files.xcfilelist",
			);
			name = "[CP] Embed Pods Frameworks";
			outputFileListPaths = (
				"${PODS_ROOT}/Target Support Files/Pods-CampingProject/Pods-CampingProject-frameworks-${CONFIGURATION}-output-files.xcfilelist",
			);
			runOnlyForDeploymentPostprocessing = 0;
			shellPath = /bin/sh;
			shellScript = "\"${PODS_ROOT}/Target Support Files/Pods-CampingProject/Pods-CampingProject-frameworks.sh\"\n";
			showEnvVarsInLog = 0;
		};
/* End PBXShellScriptBuildPhase section */

/* Begin PBXSourcesBuildPhase section */
		CB6037B326B2728E0023042F /* Sources */ = {
			isa = PBXSourcesBuildPhase;
			buildActionMask = 2147483647;
			files = (
				CBDC478D272823B100537E5A /* EmptySearchResultCell.swift in Sources */,
				CBDF37D127D091FE00C8BA13 /* HalfModalPresentationController.swift in Sources */,
				CBADAE6226CB7D60006DC556 /* GearImageCollectionViewCell.swift in Sources */,
				CB534DF726C2664A0022EA20 /* MyGearCollectionViewCell.swift in Sources */,
				CBAA3ACC2786D74100E75B51 /* MyGearViewModel.swift in Sources */,
				CB491B9726FC31ED00D2481F /* GearTextListCustomView.swift in Sources */,
				CB3347A826DD16C200DE0126 /* GearDetailImageCollectionViewCell.swift in Sources */,
				CB90E3FD27185A3F00CD2B1C /* SearchUserViewController.swift in Sources */,
				CB6037BB26B2728E0023042F /* AppDelegate.swift in Sources */,
				CBDC479D2732C97700537E5A /* SearchResultViewModel.swift in Sources */,
				CBDF37DB27D0B81800C8BA13 /* PreferencesTableViewCell.swift in Sources */,
				CBDC47A12734187700537E5A /* FriendModel.swift in Sources */,
				CBD5F5DC26F0C67700E09B0D /* CategoryCollectionViewCell.swift in Sources */,
				CBB51A042702F61E005F8B00 /* ProfileViewController.swift in Sources */,
				CBA8D2C727D8AC01002D977E /* DisregisterViewModel.swift in Sources */,
				CB6037D126B289980023042F /* SignUpViewController.swift in Sources */,
				CBA8D2CB27D9D6F4002D977E /* ResetPWEmailViewController.swift in Sources */,
				CBD44FB1276D971500D1B3EA /* SearchUserDetailViewController.swift in Sources */,
				CBAB103326C5510A0058F440 /* GearAddViewController.swift in Sources */,
				CBAF1062277AD79F007DF1FC /* ProfileViewModel.swift in Sources */,
				CBDF37C827CF5FAA00C8BA13 /* FollowingViewModel.swift in Sources */,
				CBDC478F2729467900537E5A /* FollowerViewController.swift in Sources */,
				CBA8D2C527D88E48002D977E /* Extensions.swift in Sources */,
				CB19B4CF26B940F700473DF4 /* MainTabBarController.swift in Sources */,
				CBAA3ADA27914F7400E75B51 /* SearchUserDetailViewModel.swift in Sources */,
				CB93BE1826D3BEAF0018AB0D /* Constants.swift in Sources */,
				CBDF37DF27D0BD7800C8BA13 /* DisregisterViewController.swift in Sources */,
				CBB519FA26FF7187005F8B00 /* ImagePickerManager.swift in Sources */,
				CBA2326F26BA6B8300946DA0 /* SignInViewController.swift in Sources */,
				CBF791F62737B0300089EE48 /* FollowingViewController.swift in Sources */,
				CBAA3AD02787EC0300E75B51 /* ProfileNC.swift in Sources */,
				CB9595CC27BA930E006AC55E /* SignInViewModel.swift in Sources */,
				CBDC479F2732C9C900537E5A /* CellProtocol.swift in Sources */,
				CBB99AFE27AB85FB00166526 /* SignUpViewModel.swift in Sources */,
				CB3C9F1926D79F5B00404D05 /* MyGearModel.swift in Sources */,
				CBAA3ACE2787DFB100E75B51 /* SearchUserNC.swift in Sources */,
				CBAA3AD22787EC0D00E75B51 /* MyGearNC.swift in Sources */,
				CB4F6777279D4B0E0098C79D /* ViewGear.swift in Sources */,
				CBB51A002700BBA9005F8B00 /* GearEditViewController.swift in Sources */,
				CBDC479927302B9100537E5A /* LoadingCell.swift in Sources */,
				CB90E3FF271860E900CD2B1C /* SearchUserModel.swift in Sources */,
				CB6037D326B28A530023042F /* Store.swift in Sources */,
				CB58A79826E5F136006C80EA /* GearDetailViewController.swift in Sources */,
				CBDF37DD27D0BC9E00C8BA13 /* ChangePasswordViewController.swift in Sources */,
				CBB7EA9727A26669002CC1B1 /* PaswordViewController.swift in Sources */,
				CBB3216D27AE4FE3005D2A3C /* GearDetailViewModel.swift in Sources */,
				CB6037BD26B2728E0023042F /* SceneDelegate.swift in Sources */,
				CBF791F427366EDC0089EE48 /* FollowerViewModel.swift in Sources */,
				CBBB2A9D26F238BF006B2E3C /* CategoryCollectionViewController.swift in Sources */,
				CBB7EA9527A12D12002CC1B1 /* EmailCertificationViewController.swift in Sources */,
				CBDF37D327D0AD7400C8BA13 /* PreferencesViewController.swift in Sources */,
				CBB049BE27BF7D9C0059D452 /* SearchTableViewCell.swift in Sources */,
				CBA8D2C927D9CC87002D977E /* ResetPWViewController.swift in Sources */,
				CBF37200270C6FCF0028533C /* UserModel.swift in Sources */,
				CBFCD5B62715695F00EF80CE /* ProfileEditViewController.swift in Sources */,
				CBAB103826C666FA0058F440 /* GearTypeModel.swift in Sources */,
				CBD5F5D426E9DD2F00E09B0D /* APIManager.swift in Sources */,
				CBA2327326BE763200946DA0 /* MyGearViewController.swift in Sources */,
			);
			runOnlyForDeploymentPostprocessing = 0;
		};
		CB9595CD27BB5BA4006AC55E /* Sources */ = {
			isa = PBXSourcesBuildPhase;
			buildActionMask = 2147483647;
			files = (
				CB9595D427BB5BA4006AC55E /* CampingProjectTests.swift in Sources */,
			);
			runOnlyForDeploymentPostprocessing = 0;
		};
/* End PBXSourcesBuildPhase section */

/* Begin PBXTargetDependency section */
		CB9595D627BB5BA4006AC55E /* PBXTargetDependency */ = {
			isa = PBXTargetDependency;
			target = CB6037B626B2728E0023042F /* CampingProject */;
			targetProxy = CB9595D527BB5BA4006AC55E /* PBXContainerItemProxy */;
		};
/* End PBXTargetDependency section */

/* Begin PBXVariantGroup section */
		CB6037C026B2728E0023042F /* Main.storyboard */ = {
			isa = PBXVariantGroup;
			children = (
				CB6037C126B2728E0023042F /* Base */,
			);
			name = Main.storyboard;
			sourceTree = "<group>";
		};
		CB6037C526B2728F0023042F /* LaunchScreen.storyboard */ = {
			isa = PBXVariantGroup;
			children = (
				CB6037C626B2728F0023042F /* Base */,
			);
			name = LaunchScreen.storyboard;
			sourceTree = "<group>";
		};
/* End PBXVariantGroup section */

/* Begin XCBuildConfiguration section */
		CB6037C926B2728F0023042F /* Debug */ = {
			isa = XCBuildConfiguration;
			buildSettings = {
				ALWAYS_SEARCH_USER_PATHS = NO;
				CLANG_ANALYZER_NONNULL = YES;
				CLANG_ANALYZER_NUMBER_OBJECT_CONVERSION = YES_AGGRESSIVE;
				CLANG_CXX_LANGUAGE_STANDARD = "gnu++14";
				CLANG_CXX_LIBRARY = "libc++";
				CLANG_ENABLE_MODULES = YES;
				CLANG_ENABLE_OBJC_ARC = YES;
				CLANG_ENABLE_OBJC_WEAK = YES;
				CLANG_WARN_BLOCK_CAPTURE_AUTORELEASING = YES;
				CLANG_WARN_BOOL_CONVERSION = YES;
				CLANG_WARN_COMMA = YES;
				CLANG_WARN_CONSTANT_CONVERSION = YES;
				CLANG_WARN_DEPRECATED_OBJC_IMPLEMENTATIONS = YES;
				CLANG_WARN_DIRECT_OBJC_ISA_USAGE = YES_ERROR;
				CLANG_WARN_DOCUMENTATION_COMMENTS = YES;
				CLANG_WARN_EMPTY_BODY = YES;
				CLANG_WARN_ENUM_CONVERSION = YES;
				CLANG_WARN_INFINITE_RECURSION = YES;
				CLANG_WARN_INT_CONVERSION = YES;
				CLANG_WARN_NON_LITERAL_NULL_CONVERSION = YES;
				CLANG_WARN_OBJC_IMPLICIT_RETAIN_SELF = YES;
				CLANG_WARN_OBJC_LITERAL_CONVERSION = YES;
				CLANG_WARN_OBJC_ROOT_CLASS = YES_ERROR;
				CLANG_WARN_QUOTED_INCLUDE_IN_FRAMEWORK_HEADER = YES;
				CLANG_WARN_RANGE_LOOP_ANALYSIS = YES;
				CLANG_WARN_STRICT_PROTOTYPES = YES;
				CLANG_WARN_SUSPICIOUS_MOVE = YES;
				CLANG_WARN_UNGUARDED_AVAILABILITY = YES_AGGRESSIVE;
				CLANG_WARN_UNREACHABLE_CODE = YES;
				CLANG_WARN__DUPLICATE_METHOD_MATCH = YES;
				COPY_PHASE_STRIP = NO;
				DEBUG_INFORMATION_FORMAT = dwarf;
				ENABLE_STRICT_OBJC_MSGSEND = YES;
				ENABLE_TESTABILITY = YES;
				GCC_C_LANGUAGE_STANDARD = gnu11;
				GCC_DYNAMIC_NO_PIC = NO;
				GCC_NO_COMMON_BLOCKS = YES;
				GCC_OPTIMIZATION_LEVEL = 0;
				GCC_PREPROCESSOR_DEFINITIONS = (
					"DEBUG=1",
					"$(inherited)",
				);
				GCC_WARN_64_TO_32_BIT_CONVERSION = YES;
				GCC_WARN_ABOUT_RETURN_TYPE = YES_ERROR;
				GCC_WARN_UNDECLARED_SELECTOR = YES;
				GCC_WARN_UNINITIALIZED_AUTOS = YES_AGGRESSIVE;
				GCC_WARN_UNUSED_FUNCTION = YES;
				GCC_WARN_UNUSED_VARIABLE = YES;
				IPHONEOS_DEPLOYMENT_TARGET = 14.5;
				MTL_ENABLE_DEBUG_INFO = INCLUDE_SOURCE;
				MTL_FAST_MATH = YES;
				ONLY_ACTIVE_ARCH = YES;
				SDKROOT = iphoneos;
				SWIFT_ACTIVE_COMPILATION_CONDITIONS = DEBUG;
				SWIFT_OPTIMIZATION_LEVEL = "-Onone";
			};
			name = Debug;
		};
		CB6037CA26B2728F0023042F /* Release */ = {
			isa = XCBuildConfiguration;
			buildSettings = {
				ALWAYS_SEARCH_USER_PATHS = NO;
				CLANG_ANALYZER_NONNULL = YES;
				CLANG_ANALYZER_NUMBER_OBJECT_CONVERSION = YES_AGGRESSIVE;
				CLANG_CXX_LANGUAGE_STANDARD = "gnu++14";
				CLANG_CXX_LIBRARY = "libc++";
				CLANG_ENABLE_MODULES = YES;
				CLANG_ENABLE_OBJC_ARC = YES;
				CLANG_ENABLE_OBJC_WEAK = YES;
				CLANG_WARN_BLOCK_CAPTURE_AUTORELEASING = YES;
				CLANG_WARN_BOOL_CONVERSION = YES;
				CLANG_WARN_COMMA = YES;
				CLANG_WARN_CONSTANT_CONVERSION = YES;
				CLANG_WARN_DEPRECATED_OBJC_IMPLEMENTATIONS = YES;
				CLANG_WARN_DIRECT_OBJC_ISA_USAGE = YES_ERROR;
				CLANG_WARN_DOCUMENTATION_COMMENTS = YES;
				CLANG_WARN_EMPTY_BODY = YES;
				CLANG_WARN_ENUM_CONVERSION = YES;
				CLANG_WARN_INFINITE_RECURSION = YES;
				CLANG_WARN_INT_CONVERSION = YES;
				CLANG_WARN_NON_LITERAL_NULL_CONVERSION = YES;
				CLANG_WARN_OBJC_IMPLICIT_RETAIN_SELF = YES;
				CLANG_WARN_OBJC_LITERAL_CONVERSION = YES;
				CLANG_WARN_OBJC_ROOT_CLASS = YES_ERROR;
				CLANG_WARN_QUOTED_INCLUDE_IN_FRAMEWORK_HEADER = YES;
				CLANG_WARN_RANGE_LOOP_ANALYSIS = YES;
				CLANG_WARN_STRICT_PROTOTYPES = YES;
				CLANG_WARN_SUSPICIOUS_MOVE = YES;
				CLANG_WARN_UNGUARDED_AVAILABILITY = YES_AGGRESSIVE;
				CLANG_WARN_UNREACHABLE_CODE = YES;
				CLANG_WARN__DUPLICATE_METHOD_MATCH = YES;
				COPY_PHASE_STRIP = NO;
				DEBUG_INFORMATION_FORMAT = "dwarf-with-dsym";
				ENABLE_NS_ASSERTIONS = NO;
				ENABLE_STRICT_OBJC_MSGSEND = YES;
				GCC_C_LANGUAGE_STANDARD = gnu11;
				GCC_NO_COMMON_BLOCKS = YES;
				GCC_WARN_64_TO_32_BIT_CONVERSION = YES;
				GCC_WARN_ABOUT_RETURN_TYPE = YES_ERROR;
				GCC_WARN_UNDECLARED_SELECTOR = YES;
				GCC_WARN_UNINITIALIZED_AUTOS = YES_AGGRESSIVE;
				GCC_WARN_UNUSED_FUNCTION = YES;
				GCC_WARN_UNUSED_VARIABLE = YES;
				IPHONEOS_DEPLOYMENT_TARGET = 14.5;
				MTL_ENABLE_DEBUG_INFO = NO;
				MTL_FAST_MATH = YES;
				SDKROOT = iphoneos;
				SWIFT_COMPILATION_MODE = wholemodule;
				SWIFT_OPTIMIZATION_LEVEL = "-O";
				VALIDATE_PRODUCT = YES;
			};
			name = Release;
		};
		CB6037CC26B2728F0023042F /* Debug */ = {
			isa = XCBuildConfiguration;
			baseConfigurationReference = 41765E29EA73FAA1FE98B10C /* Pods-CampingProject.debug.xcconfig */;
			buildSettings = {
				ASSETCATALOG_COMPILER_APPICON_NAME = AppIcon;
				ASSETCATALOG_COMPILER_GLOBAL_ACCENT_COLOR_NAME = AccentColor;
				CODE_SIGN_ENTITLEMENTS = CampingProject/CampingProject.entitlements;
				CODE_SIGN_STYLE = Automatic;
				DEVELOPMENT_TEAM = 9ML8D6SAST;
				INFOPLIST_FILE = CampingProject/Info.plist;
				LD_RUNPATH_SEARCH_PATHS = (
					"$(inherited)",
					"@executable_path/Frameworks",
				);
				PRODUCT_BUNDLE_IDENTIFIER = Ko.CampingProject.Camtorage;
				PRODUCT_NAME = "$(TARGET_NAME)";
				SWIFT_VERSION = 5.0;
				TARGETED_DEVICE_FAMILY = "1,2";
			};
			name = Debug;
		};
		CB6037CD26B2728F0023042F /* Release */ = {
			isa = XCBuildConfiguration;
			baseConfigurationReference = D67CE54C131ABBCF98AD7B2B /* Pods-CampingProject.release.xcconfig */;
			buildSettings = {
				ASSETCATALOG_COMPILER_APPICON_NAME = AppIcon;
				ASSETCATALOG_COMPILER_GLOBAL_ACCENT_COLOR_NAME = AccentColor;
				CODE_SIGN_ENTITLEMENTS = CampingProject/CampingProject.entitlements;
				CODE_SIGN_STYLE = Automatic;
				DEVELOPMENT_TEAM = 9ML8D6SAST;
				INFOPLIST_FILE = CampingProject/Info.plist;
				LD_RUNPATH_SEARCH_PATHS = (
					"$(inherited)",
					"@executable_path/Frameworks",
				);
				PRODUCT_BUNDLE_IDENTIFIER = Ko.CampingProject.Camtorage;
				PRODUCT_NAME = "$(TARGET_NAME)";
				SWIFT_VERSION = 5.0;
				TARGETED_DEVICE_FAMILY = "1,2";
			};
			name = Release;
		};
		CB9595D827BB5BA4006AC55E /* Debug */ = {
			isa = XCBuildConfiguration;
			buildSettings = {
				BUNDLE_LOADER = "$(TEST_HOST)";
				CLANG_CXX_LANGUAGE_STANDARD = "gnu++17";
				CODE_SIGN_STYLE = Automatic;
				CURRENT_PROJECT_VERSION = 1;
				DEVELOPMENT_TEAM = 9ML8D6SAST;
				GENERATE_INFOPLIST_FILE = YES;
				IPHONEOS_DEPLOYMENT_TARGET = 15.2;
				MARKETING_VERSION = 1.0;
				PRODUCT_BUNDLE_IDENTIFIER = Ko.CampingProjectTests;
				PRODUCT_NAME = "$(TARGET_NAME)";
				SWIFT_EMIT_LOC_STRINGS = NO;
				SWIFT_VERSION = 5.0;
				TARGETED_DEVICE_FAMILY = "1,2";
				TEST_HOST = "$(BUILT_PRODUCTS_DIR)/CampingProject.app/CampingProject";
			};
			name = Debug;
		};
		CB9595D927BB5BA4006AC55E /* Release */ = {
			isa = XCBuildConfiguration;
			buildSettings = {
				BUNDLE_LOADER = "$(TEST_HOST)";
				CLANG_CXX_LANGUAGE_STANDARD = "gnu++17";
				CODE_SIGN_STYLE = Automatic;
				CURRENT_PROJECT_VERSION = 1;
				DEVELOPMENT_TEAM = 9ML8D6SAST;
				GENERATE_INFOPLIST_FILE = YES;
				IPHONEOS_DEPLOYMENT_TARGET = 15.2;
				MARKETING_VERSION = 1.0;
				PRODUCT_BUNDLE_IDENTIFIER = Ko.CampingProjectTests;
				PRODUCT_NAME = "$(TARGET_NAME)";
				SWIFT_EMIT_LOC_STRINGS = NO;
				SWIFT_VERSION = 5.0;
				TARGETED_DEVICE_FAMILY = "1,2";
				TEST_HOST = "$(BUILT_PRODUCTS_DIR)/CampingProject.app/CampingProject";
			};
			name = Release;
		};
/* End XCBuildConfiguration section */

/* Begin XCConfigurationList section */
		CB6037B226B2728E0023042F /* Build configuration list for PBXProject "CampingProject" */ = {
			isa = XCConfigurationList;
			buildConfigurations = (
				CB6037C926B2728F0023042F /* Debug */,
				CB6037CA26B2728F0023042F /* Release */,
			);
			defaultConfigurationIsVisible = 0;
			defaultConfigurationName = Release;
		};
		CB6037CB26B2728F0023042F /* Build configuration list for PBXNativeTarget "CampingProject" */ = {
			isa = XCConfigurationList;
			buildConfigurations = (
				CB6037CC26B2728F0023042F /* Debug */,
				CB6037CD26B2728F0023042F /* Release */,
			);
			defaultConfigurationIsVisible = 0;
			defaultConfigurationName = Release;
		};
		CB9595D727BB5BA4006AC55E /* Build configuration list for PBXNativeTarget "CampingProjectTests" */ = {
			isa = XCConfigurationList;
			buildConfigurations = (
				CB9595D827BB5BA4006AC55E /* Debug */,
				CB9595D927BB5BA4006AC55E /* Release */,
			);
			defaultConfigurationIsVisible = 0;
			defaultConfigurationName = Release;
		};
/* End XCConfigurationList section */
	};
	rootObject = CB6037AF26B2728E0023042F /* Project object */;
}
